
Microsoft Visual Studio Solution File, Format Version 12.00
# Visual Studio Version 17
VisualStudioVersion = 17.13.35931.197 d17.13
MinimumVisualStudioVersion = 10.0.40219.1
Project("{FAE04EC0-301F-11D3-BF4B-00C04F79EFBC}") = "eCommerce.SharedLibrary", "eCommerce.SharedLibrary\eCommerce.SharedLibrary.csproj", "{EFA14F8F-4B81-42BC-BAD5-73318A83ECBA}"
EndProject
Global
	GlobalSection(SolutionConfigurationPlatforms) = preSolution
		Debug|Any CPU = Debug|Any CPU
		Release|Any CPU = Release|Any CPU
	EndGlobalSection
	GlobalSection(ProjectConfigurationPlatforms) = postSolution
		{EFA14F8F-4B81-42BC-BAD5-73318A83ECBA}.Debug|Any CPU.ActiveCfg = Debug|Any CPU
		{EFA14F8F-4B81-42BC-BAD5-73318A83ECBA}.Debug|Any CPU.Build.0 = Debug|Any CPU
		{EFA14F8F-4B81-42BC-BAD5-73318A83ECBA}.Release|Any CPU.ActiveCfg = Release|Any CPU
		{EFA14F8F-4B81-42BC-BAD5-73318A83ECBA}.Release|Any CPU.Build.0 = Release|Any CPU
	EndGlobalSection
	GlobalSection(SolutionProperties) = preSolution
		HideSolutionNode = FALSE
	EndGlobalSection
	GlobalSection(ExtensibilityGlobals) = postSolution
		SolutionGuid = {FB2ED638-5408-4B14-8F43-07B325E9AB2A}
	EndGlobalSection
EndGlobal
